
Microsoft Visual Studio Solution File, Format Version 12.00
# Visual Studio Version 16
VisualStudioVersion = 16.0.32002.261
MinimumVisualStudioVersion = 10.0.40219.1
Project("{FAE04EC0-301F-11D3-BF4B-00C04F79EFBC}") = "ConsoleApp6", "ConsoleApp6\ConsoleApp6.csproj", "{C766CC99-7597-48D8-8504-1676CE3C43AF}"
EndProject
Global
	GlobalSection(SolutionConfigurationPlatforms) = preSolution
		Debug|Any CPU = Debug|Any CPU
		Release|Any CPU = Release|Any CPU
	EndGlobalSection
	GlobalSection(ProjectConfigurationPlatforms) = postSolution
		{C766CC99-7597-48D8-8504-1676CE3C43AF}.Debug|Any CPU.ActiveCfg = Debug|Any CPU
		{C766CC99-7597-48D8-8504-1676CE3C43AF}.Debug|Any CPU.Build.0 = Debug|Any CPU
		{C766CC99-7597-48D8-8504-1676CE3C43AF}.Release|Any CPU.ActiveCfg = Release|Any CPU
		{C766CC99-7597-48D8-8504-1676CE3C43AF}.Release|Any CPU.Build.0 = Release|Any CPU
	EndGlobalSection
	GlobalSection(SolutionProperties) = preSolution
		HideSolutionNode = FALSE
	EndGlobalSection
	GlobalSection(ExtensibilityGlobals) = postSolution
		SolutionGuid = {8D39DBE7-F24E-4038-A48E-18F44F881E01}
	EndGlobalSection
EndGlobal
